
Microsoft Visual Studio Solution File, Format Version 12.00
Project("{FAE04EC0-301F-11D3-BF4B-00C04F79EFBC}") = "backend", "backend\backend.csproj", "{FC84F57B-7EA8-4146-9F38-98A6F154278D}"
EndProject
Global
	GlobalSection(SolutionConfigurationPlatforms) = preSolution
		Debug|Any CPU = Debug|Any CPU
		Release|Any CPU = Release|Any CPU
	EndGlobalSection
	GlobalSection(ProjectConfigurationPlatforms) = postSolution
		{FC84F57B-7EA8-4146-9F38-98A6F154278D}.Debug|Any CPU.ActiveCfg = Debug|Any CPU
		{FC84F57B-7EA8-4146-9F38-98A6F154278D}.Debug|Any CPU.Build.0 = Debug|Any CPU
		{FC84F57B-7EA8-4146-9F38-98A6F154278D}.Release|Any CPU.ActiveCfg = Release|Any CPU
		{FC84F57B-7EA8-4146-9F38-98A6F154278D}.Release|Any CPU.Build.0 = Release|Any CPU
	EndGlobalSection
EndGlobal
